{
  "version": 4,
  "terraform_version": "1.5.7",
  "serial": 4,
  "lineage": "e3e38bf1-75e4-8f8e-1516-a664067d7177",
  "outputs": {
    "droplet_ip_address": {
      "value": "170.64.200.246",
      "type": "string"
    }
  },
  "resources": [
    {
      "mode": "managed",
      "type": "digitalocean_droplet",
      "name": "dropletApp",
      "provider": "provider[\"registry.terraform.io/digitalocean/digitalocean\"]",
      "instances": [
        {
          "schema_version": 1,
          "attributes": {
            "backups": false,
            "created_at": "2024-07-06T13:25:08Z",
            "disk": 10,
            "droplet_agent": null,
            "graceful_shutdown": false,
            "id": "430706073",
            "image": "ubuntu-23-10-x64",
            "ipv4_address": "170.64.200.246",
            "ipv4_address_private": "10.126.0.2",
            "ipv6": false,
            "ipv6_address": "",
            "locked": false,
            "memory": 512,
            "monitoring": false,
            "name": "DropletApp",
            "price_hourly": 0.00595,
            "price_monthly": 4,
            "private_networking": true,
            "region": "syd1",
            "resize_disk": true,
            "size": "s-1vcpu-512mb-10gb",
            "ssh_keys": [
              "28:47:be:3e:e0:6d:b5:f9:8c:9e:0d:6b:35:6d:a3:4e"
            ],
            "status": "active",
            "tags": null,
            "timeouts": null,
            "urn": "do:droplet:430706073",
            "user_data": "8b4b22f44ca21570f57e450f5bf3311219c53584",
            "vcpus": 1,
            "volume_ids": [],
            "vpc_uuid": "e128bff4-d582-433e-855e-8d3d48bf1511"
          },
          "sensitive_attributes": [],
          "private": "eyJlMmJmYjczMC1lY2FhLTExZTYtOGY4OC0zNDM2M2JjN2M0YzAiOnsiY3JlYXRlIjozNjAwMDAwMDAwMDAwLCJkZWxldGUiOjYwMDAwMDAwMDAwLCJ1cGRhdGUiOjM2MDAwMDAwMDAwMDB9LCJzY2hlbWFfdmVyc2lvbiI6IjEifQ==",
          "dependencies": [
            "digitalocean_ssh_key.default"
          ]
        }
      ]
    },
    {
      "mode": "managed",
      "type": "digitalocean_ssh_key",
      "name": "default",
      "provider": "provider[\"registry.terraform.io/digitalocean/digitalocean\"]",
      "instances": [
        {
          "schema_version": 0,
          "attributes": {
            "fingerprint": "28:47:be:3e:e0:6d:b5:f9:8c:9e:0d:6b:35:6d:a3:4e",
            "id": "42682416",
            "name": "demo",
            "public_key": "ssh-rsa AAAAB3NzaC1yc2EAAAADAQABAAABgQCW4wvd81gCRJ1p1pb5dBduB8S1Avo8zF3Yq8rdh/2l9hlnTrWNmsD4SNomx7fuTFVqx8l9Q+eebhfSyVQ025Wplj6nvV0kwH4xGfUmuwK2dJNBbnBQ8BcHzqrIk7qwZPqyehbxHD4rMdb9v1dZn07Ba1f+sJ70pmN8Ae1HmwoV2GKVBktnq6ldKB8t1xekXnXgXcx/whTu/QvRCXIF8DqADLrj8ZbEFmb/CmmBGaql6LnMWe5U4wUimwWnDHA8asILvCQnPheIZugW2jp3t8pe/PtBdnW9FwiHNOLle6+4xNQBbUdq3ukdPyPhJ+975rGxfVNgFxHP7T6pbJdhpyxuGUQSN4MG6xNVYYcNOu9v+vPzYpybwDq+3lfXuC/W1CnsYf7tSFbqPnBZBrVGSTYrUSg8p0lL3PYgzHdeK+fgdQnsixAjRXt6/M+pPEDUl743vNSAmb5yLnTvz6wEMmsKI2lxME3IP8B9VnUmNEqZ4JI/c7oSc/SLl5VdS29380s= Evren@Evrens-MacBook-Pro.local\n"
          },
          "sensitive_attributes": [],
          "private": "bnVsbA=="
        }
      ]
    }
  ],
  "check_results": null
}
